
Microsoft Visual Studio Solution File, Format Version 12.00
# Visual Studio Version 17
VisualStudioVersion = 17.11.35327.3
MinimumVisualStudioVersion = 10.0.40219.1
Project("{9A19103F-16F7-4668-BE54-9A1E7A4F7556}") = "MetaExchange.CLI", "MetaExchange.CLI\MetaExchange.CLI.csproj", "{9C7BAB31-BD2F-44DF-8052-B9EAC7E138CB}"
EndProject
Project("{FAE04EC0-301F-11D3-BF4B-00C04F79EFBC}") = "MetaExchange.WebApi", "MetaExchange.WebApi\MetaExchange.WebApi.csproj", "{F7E3163D-F3E2-466A-A932-8F2BBFC387CB}"
EndProject
Project("{FAE04EC0-301F-11D3-BF4B-00C04F79EFBC}") = "MetaExchange.WebApi.Tests", "MetaExchange.WebApi.Tests\MetaExchange.WebApi.Tests.csproj", "{B0373AEC-74C7-4E0E-8400-00B4C985BE25}"
EndProject
Project("{2150E333-8FDC-42A3-9474-1A3956D46DE8}") = "Tests", "Tests", "{5C57C089-19C8-42E3-A421-EB8FD4526E3E}"
EndProject
Project("{FAE04EC0-301F-11D3-BF4B-00C04F79EFBC}") = "MetaExchange.Core", "MetaExchange.Core\MetaExchange.Core.csproj", "{BF18C646-3AFD-4932-8D94-E435F4464E5B}"
EndProject
Project("{FAE04EC0-301F-11D3-BF4B-00C04F79EFBC}") = "MetaExchange.JsonProvider", "MetaExchange.JsonProvider\MetaExchange.JsonProvider.csproj", "{F49C41F6-F201-49AC-A84D-966D283B7134}"
EndProject
Project("{FAE04EC0-301F-11D3-BF4B-00C04F79EFBC}") = "MetaExchange.JsonProvider.Tests", "MetaExchange.JsonProvider.Tests\MetaExchange.JsonProvider.Tests.csproj", "{8A0D663E-02FB-47F9-8BF3-F5BA10EA9978}"
EndProject
Project("{FAE04EC0-301F-11D3-BF4B-00C04F79EFBC}") = "MetaExchange.Dependencies", "MetaExchange.Dependencies\MetaExchange.Dependencies.csproj", "{1C6D7924-1EC5-4991-A0CE-6018DD4584BC}"
EndProject
Project("{FAE04EC0-301F-11D3-BF4B-00C04F79EFBC}") = "MetaExchange.Core.Tests", "MetaExchange.Core.Tests\MetaExchange.Core.Tests.csproj", "{FE2D671E-A471-4BAF-AD0F-6315B9D3A3E8}"
EndProject
Project("{FAE04EC0-301F-11D3-BF4B-00C04F79EFBC}") = "MetaExchange.Application", "MetaExchange.Application\MetaExchange.Application.csproj", "{4A2A1F79-023D-4F69-A3BE-ACAFF2538177}"
EndProject
Global
	GlobalSection(SolutionConfigurationPlatforms) = preSolution
		Debug|Any CPU = Debug|Any CPU
		Release|Any CPU = Release|Any CPU
	EndGlobalSection
	GlobalSection(ProjectConfigurationPlatforms) = postSolution
		{9C7BAB31-BD2F-44DF-8052-B9EAC7E138CB}.Debug|Any CPU.ActiveCfg = Debug|Any CPU
		{9C7BAB31-BD2F-44DF-8052-B9EAC7E138CB}.Debug|Any CPU.Build.0 = Debug|Any CPU
		{9C7BAB31-BD2F-44DF-8052-B9EAC7E138CB}.Release|Any CPU.ActiveCfg = Release|Any CPU
		{9C7BAB31-BD2F-44DF-8052-B9EAC7E138CB}.Release|Any CPU.Build.0 = Release|Any CPU
		{F7E3163D-F3E2-466A-A932-8F2BBFC387CB}.Debug|Any CPU.ActiveCfg = Debug|Any CPU
		{F7E3163D-F3E2-466A-A932-8F2BBFC387CB}.Debug|Any CPU.Build.0 = Debug|Any CPU
		{F7E3163D-F3E2-466A-A932-8F2BBFC387CB}.Release|Any CPU.ActiveCfg = Release|Any CPU
		{F7E3163D-F3E2-466A-A932-8F2BBFC387CB}.Release|Any CPU.Build.0 = Release|Any CPU
		{B0373AEC-74C7-4E0E-8400-00B4C985BE25}.Debug|Any CPU.ActiveCfg = Debug|Any CPU
		{B0373AEC-74C7-4E0E-8400-00B4C985BE25}.Debug|Any CPU.Build.0 = Debug|Any CPU
		{B0373AEC-74C7-4E0E-8400-00B4C985BE25}.Release|Any CPU.ActiveCfg = Release|Any CPU
		{B0373AEC-74C7-4E0E-8400-00B4C985BE25}.Release|Any CPU.Build.0 = Release|Any CPU
		{BF18C646-3AFD-4932-8D94-E435F4464E5B}.Debug|Any CPU.ActiveCfg = Debug|Any CPU
		{BF18C646-3AFD-4932-8D94-E435F4464E5B}.Debug|Any CPU.Build.0 = Debug|Any CPU
		{BF18C646-3AFD-4932-8D94-E435F4464E5B}.Release|Any CPU.ActiveCfg = Release|Any CPU
		{BF18C646-3AFD-4932-8D94-E435F4464E5B}.Release|Any CPU.Build.0 = Release|Any CPU
		{F49C41F6-F201-49AC-A84D-966D283B7134}.Debug|Any CPU.ActiveCfg = Debug|Any CPU
		{F49C41F6-F201-49AC-A84D-966D283B7134}.Debug|Any CPU.Build.0 = Debug|Any CPU
		{F49C41F6-F201-49AC-A84D-966D283B7134}.Release|Any CPU.ActiveCfg = Release|Any CPU
		{F49C41F6-F201-49AC-A84D-966D283B7134}.Release|Any CPU.Build.0 = Release|Any CPU
		{8A0D663E-02FB-47F9-8BF3-F5BA10EA9978}.Debug|Any CPU.ActiveCfg = Debug|Any CPU
		{8A0D663E-02FB-47F9-8BF3-F5BA10EA9978}.Debug|Any CPU.Build.0 = Debug|Any CPU
		{8A0D663E-02FB-47F9-8BF3-F5BA10EA9978}.Release|Any CPU.ActiveCfg = Release|Any CPU
		{8A0D663E-02FB-47F9-8BF3-F5BA10EA9978}.Release|Any CPU.Build.0 = Release|Any CPU
		{1C6D7924-1EC5-4991-A0CE-6018DD4584BC}.Debug|Any CPU.ActiveCfg = Debug|Any CPU
		{1C6D7924-1EC5-4991-A0CE-6018DD4584BC}.Debug|Any CPU.Build.0 = Debug|Any CPU
		{1C6D7924-1EC5-4991-A0CE-6018DD4584BC}.Release|Any CPU.ActiveCfg = Release|Any CPU
		{1C6D7924-1EC5-4991-A0CE-6018DD4584BC}.Release|Any CPU.Build.0 = Release|Any CPU
		{FE2D671E-A471-4BAF-AD0F-6315B9D3A3E8}.Debug|Any CPU.ActiveCfg = Debug|Any CPU
		{FE2D671E-A471-4BAF-AD0F-6315B9D3A3E8}.Debug|Any CPU.Build.0 = Debug|Any CPU
		{FE2D671E-A471-4BAF-AD0F-6315B9D3A3E8}.Release|Any CPU.ActiveCfg = Release|Any CPU
		{FE2D671E-A471-4BAF-AD0F-6315B9D3A3E8}.Release|Any CPU.Build.0 = Release|Any CPU
		{4A2A1F79-023D-4F69-A3BE-ACAFF2538177}.Debug|Any CPU.ActiveCfg = Debug|Any CPU
		{4A2A1F79-023D-4F69-A3BE-ACAFF2538177}.Debug|Any CPU.Build.0 = Debug|Any CPU
		{4A2A1F79-023D-4F69-A3BE-ACAFF2538177}.Release|Any CPU.ActiveCfg = Release|Any CPU
		{4A2A1F79-023D-4F69-A3BE-ACAFF2538177}.Release|Any CPU.Build.0 = Release|Any CPU
	EndGlobalSection
	GlobalSection(SolutionProperties) = preSolution
		HideSolutionNode = FALSE
	EndGlobalSection
	GlobalSection(NestedProjects) = preSolution
		{B0373AEC-74C7-4E0E-8400-00B4C985BE25} = {5C57C089-19C8-42E3-A421-EB8FD4526E3E}
		{8A0D663E-02FB-47F9-8BF3-F5BA10EA9978} = {5C57C089-19C8-42E3-A421-EB8FD4526E3E}
		{FE2D671E-A471-4BAF-AD0F-6315B9D3A3E8} = {5C57C089-19C8-42E3-A421-EB8FD4526E3E}
	EndGlobalSection
EndGlobal
